
Microsoft Visual Studio Solution File, Format Version 12.00
# Visual Studio Version 16
VisualStudioVersion = 16.0.34114.132
MinimumVisualStudioVersion = 10.0.40219.1
Project("{FAE04EC0-301F-11D3-BF4B-00C04F79EFBC}") = "calculator2", "calculator2\calculator2.csproj", "{D9DA6EA5-57E8-4458-A494-0FF727C24555}"
EndProject
Global
	GlobalSection(SolutionConfigurationPlatforms) = preSolution
		Debug|Any CPU = Debug|Any CPU
		Release|Any CPU = Release|Any CPU
	EndGlobalSection
	GlobalSection(ProjectConfigurationPlatforms) = postSolution
		{D9DA6EA5-57E8-4458-A494-0FF727C24555}.Debug|Any CPU.ActiveCfg = Debug|Any CPU
		{D9DA6EA5-57E8-4458-A494-0FF727C24555}.Debug|Any CPU.Build.0 = Debug|Any CPU
		{D9DA6EA5-57E8-4458-A494-0FF727C24555}.Release|Any CPU.ActiveCfg = Release|Any CPU
		{D9DA6EA5-57E8-4458-A494-0FF727C24555}.Release|Any CPU.Build.0 = Release|Any CPU
	EndGlobalSection
	GlobalSection(SolutionProperties) = preSolution
		HideSolutionNode = FALSE
	EndGlobalSection
	GlobalSection(ExtensibilityGlobals) = postSolution
		SolutionGuid = {1CECFF2B-7396-4C8A-AF7E-CFA118A96E23}
	EndGlobalSection
EndGlobal
